
Microsoft Visual Studio Solution File, Format Version 12.00
# Visual Studio Version 17
VisualStudioVersion = 17.11.35327.3
MinimumVisualStudioVersion = 10.0.40219.1
Project("{8BC9CEB8-8B4A-11D0-8D11-00A0C91BC942}") = "Age", "Age\Age.vcxproj", "{3B57547F-D83D-485B-B6F3-C2A6A6BB5228}"
EndProject
Global
	GlobalSection(SolutionConfigurationPlatforms) = preSolution
		Debug|x64 = Debug|x64
		Debug|x86 = Debug|x86
		Release|x64 = Release|x64
		Release|x86 = Release|x86
	EndGlobalSection
	GlobalSection(ProjectConfigurationPlatforms) = postSolution
		{3B57547F-D83D-485B-B6F3-C2A6A6BB5228}.Debug|x64.ActiveCfg = Debug|x64
		{3B57547F-D83D-485B-B6F3-C2A6A6BB5228}.Debug|x64.Build.0 = Debug|x64
		{3B57547F-D83D-485B-B6F3-C2A6A6BB5228}.Debug|x86.ActiveCfg = Debug|Win32
		{3B57547F-D83D-485B-B6F3-C2A6A6BB5228}.Debug|x86.Build.0 = Debug|Win32
		{3B57547F-D83D-485B-B6F3-C2A6A6BB5228}.Release|x64.ActiveCfg = Release|x64
		{3B57547F-D83D-485B-B6F3-C2A6A6BB5228}.Release|x64.Build.0 = Release|x64
		{3B57547F-D83D-485B-B6F3-C2A6A6BB5228}.Release|x86.ActiveCfg = Release|Win32
		{3B57547F-D83D-485B-B6F3-C2A6A6BB5228}.Release|x86.Build.0 = Release|Win32
	EndGlobalSection
	GlobalSection(SolutionProperties) = preSolution
		HideSolutionNode = FALSE
	EndGlobalSection
	GlobalSection(ExtensibilityGlobals) = postSolution
		SolutionGuid = {03E98DB9-A859-4F02-9F1B-BF5D794B84BA}
	EndGlobalSection
EndGlobal
