
Microsoft Visual Studio Solution File, Format Version 12.00
# Visual Studio Version 17
VisualStudioVersion = 17.11.35327.3
MinimumVisualStudioVersion = 10.0.40219.1
Project("{8BC9CEB8-8B4A-11D0-8D11-00A0C91BC942}") = "Average of 3 Marks", "Average of 3 Marks\Average of 3 Marks.vcxproj", "{1715A10F-F4DA-4960-91CF-15520073063A}"
EndProject
Global
	GlobalSection(SolutionConfigurationPlatforms) = preSolution
		Debug|x64 = Debug|x64
		Debug|x86 = Debug|x86
		Release|x64 = Release|x64
		Release|x86 = Release|x86
	EndGlobalSection
	GlobalSection(ProjectConfigurationPlatforms) = postSolution
		{1715A10F-F4DA-4960-91CF-15520073063A}.Debug|x64.ActiveCfg = Debug|x64
		{1715A10F-F4DA-4960-91CF-15520073063A}.Debug|x64.Build.0 = Debug|x64
		{1715A10F-F4DA-4960-91CF-15520073063A}.Debug|x86.ActiveCfg = Debug|Win32
		{1715A10F-F4DA-4960-91CF-15520073063A}.Debug|x86.Build.0 = Debug|Win32
		{1715A10F-F4DA-4960-91CF-15520073063A}.Release|x64.ActiveCfg = Release|x64
		{1715A10F-F4DA-4960-91CF-15520073063A}.Release|x64.Build.0 = Release|x64
		{1715A10F-F4DA-4960-91CF-15520073063A}.Release|x86.ActiveCfg = Release|Win32
		{1715A10F-F4DA-4960-91CF-15520073063A}.Release|x86.Build.0 = Release|Win32
	EndGlobalSection
	GlobalSection(SolutionProperties) = preSolution
		HideSolutionNode = FALSE
	EndGlobalSection
	GlobalSection(ExtensibilityGlobals) = postSolution
		SolutionGuid = {0703CDD5-0BAF-4680-952C-C5E43E28C9CB}
	EndGlobalSection
EndGlobal
