
Microsoft Visual Studio Solution File, Format Version 12.00
# Visual Studio Version 17
VisualStudioVersion = 17.11.35327.3
MinimumVisualStudioVersion = 10.0.40219.1
Project("{8BC9CEB8-8B4A-11D0-8D11-00A0C91BC942}") = "Commission Percentage", "Commission Percentage\Commission Percentage.vcxproj", "{4F2C25BA-99C8-471A-BEC9-24B9E23C59B7}"
EndProject
Global
	GlobalSection(SolutionConfigurationPlatforms) = preSolution
		Debug|x64 = Debug|x64
		Debug|x86 = Debug|x86
		Release|x64 = Release|x64
		Release|x86 = Release|x86
	EndGlobalSection
	GlobalSection(ProjectConfigurationPlatforms) = postSolution
		{4F2C25BA-99C8-471A-BEC9-24B9E23C59B7}.Debug|x64.ActiveCfg = Debug|x64
		{4F2C25BA-99C8-471A-BEC9-24B9E23C59B7}.Debug|x64.Build.0 = Debug|x64
		{4F2C25BA-99C8-471A-BEC9-24B9E23C59B7}.Debug|x86.ActiveCfg = Debug|Win32
		{4F2C25BA-99C8-471A-BEC9-24B9E23C59B7}.Debug|x86.Build.0 = Debug|Win32
		{4F2C25BA-99C8-471A-BEC9-24B9E23C59B7}.Release|x64.ActiveCfg = Release|x64
		{4F2C25BA-99C8-471A-BEC9-24B9E23C59B7}.Release|x64.Build.0 = Release|x64
		{4F2C25BA-99C8-471A-BEC9-24B9E23C59B7}.Release|x86.ActiveCfg = Release|Win32
		{4F2C25BA-99C8-471A-BEC9-24B9E23C59B7}.Release|x86.Build.0 = Release|Win32
	EndGlobalSection
	GlobalSection(SolutionProperties) = preSolution
		HideSolutionNode = FALSE
	EndGlobalSection
	GlobalSection(ExtensibilityGlobals) = postSolution
		SolutionGuid = {F44BB266-CE41-47D5-B4F7-E8D37BDF46CD}
	EndGlobalSection
EndGlobal
