
Microsoft Visual Studio Solution File, Format Version 12.00
# Visual Studio Version 17
VisualStudioVersion = 17.11.35327.3
MinimumVisualStudioVersion = 10.0.40219.1
Project("{8BC9CEB8-8B4A-11D0-8D11-00A0C91BC942}") = "Power of 2, 3 , 4", "Power of 2, 3 , 4\Power of 2, 3 , 4.vcxproj", "{8F031A44-F7AE-4E56-824A-11893481C224}"
EndProject
Global
	GlobalSection(SolutionConfigurationPlatforms) = preSolution
		Debug|x64 = Debug|x64
		Debug|x86 = Debug|x86
		Release|x64 = Release|x64
		Release|x86 = Release|x86
	EndGlobalSection
	GlobalSection(ProjectConfigurationPlatforms) = postSolution
		{8F031A44-F7AE-4E56-824A-11893481C224}.Debug|x64.ActiveCfg = Debug|x64
		{8F031A44-F7AE-4E56-824A-11893481C224}.Debug|x64.Build.0 = Debug|x64
		{8F031A44-F7AE-4E56-824A-11893481C224}.Debug|x86.ActiveCfg = Debug|Win32
		{8F031A44-F7AE-4E56-824A-11893481C224}.Debug|x86.Build.0 = Debug|Win32
		{8F031A44-F7AE-4E56-824A-11893481C224}.Release|x64.ActiveCfg = Release|x64
		{8F031A44-F7AE-4E56-824A-11893481C224}.Release|x64.Build.0 = Release|x64
		{8F031A44-F7AE-4E56-824A-11893481C224}.Release|x86.ActiveCfg = Release|Win32
		{8F031A44-F7AE-4E56-824A-11893481C224}.Release|x86.Build.0 = Release|Win32
	EndGlobalSection
	GlobalSection(SolutionProperties) = preSolution
		HideSolutionNode = FALSE
	EndGlobalSection
	GlobalSection(ExtensibilityGlobals) = postSolution
		SolutionGuid = {9087B18A-1874-4FD2-B4BC-C76CA578BEEC}
	EndGlobalSection
EndGlobal
